
Microsoft Visual Studio Solution File, Format Version 12.00
# Visual Studio 15
VisualStudioVersion = 15.0.28307.902
MinimumVisualStudioVersion = 10.0.40219.1
Project("{FAE04EC0-301F-11D3-BF4B-00C04F79EFBC}") = "Prezentacja", "Zamiennik\Prezentacja.csproj", "{E73ADE78-B433-42D3-9A9D-A0CE53742399}"
EndProject
Project("{FAE04EC0-301F-11D3-BF4B-00C04F79EFBC}") = "Logika_Biznesowa", "BLL\Logika_Biznesowa.csproj", "{247A6882-B9D8-430D-AA59-7B46F6B9FDCF}"
EndProject
Project("{FAE04EC0-301F-11D3-BF4B-00C04F79EFBC}") = "Testy", "Testy\Testy.csproj", "{557CDE57-ED34-43DC-B1A8-6489E52F273F}"
EndProject
Project("{FAE04EC0-301F-11D3-BF4B-00C04F79EFBC}") = "Dostep_Do_Danych", "Dostep_Do_Danych\Dostep_Do_Danych.csproj", "{EEEB52EC-3896-4EC1-ACEF-B9E499636DCF}"
EndProject
Project("{FAE04EC0-301F-11D3-BF4B-00C04F79EFBC}") = "Uslugi", "Uslugi\Uslugi.csproj", "{8F6D9D5C-A85A-4D93-B61C-282A4E22B477}"
EndProject
Project("{2150E333-8FDC-42A3-9474-1A3956D46DE8}") = "Plik ReadMe", "Plik ReadMe", "{49800D89-CB89-435E-A2C9-9540AE3FDD4C}"
	ProjectSection(SolutionItems) = preProject
		ReadMe.txt = ReadMe.txt
	EndProjectSection
EndProject
Global
	GlobalSection(SolutionConfigurationPlatforms) = preSolution
		Debug|Any CPU = Debug|Any CPU
		Release|Any CPU = Release|Any CPU
	EndGlobalSection
	GlobalSection(ProjectConfigurationPlatforms) = postSolution
		{E73ADE78-B433-42D3-9A9D-A0CE53742399}.Debug|Any CPU.ActiveCfg = Debug|Any CPU
		{E73ADE78-B433-42D3-9A9D-A0CE53742399}.Debug|Any CPU.Build.0 = Debug|Any CPU
		{E73ADE78-B433-42D3-9A9D-A0CE53742399}.Release|Any CPU.ActiveCfg = Release|Any CPU
		{E73ADE78-B433-42D3-9A9D-A0CE53742399}.Release|Any CPU.Build.0 = Release|Any CPU
		{247A6882-B9D8-430D-AA59-7B46F6B9FDCF}.Debug|Any CPU.ActiveCfg = Debug|Any CPU
		{247A6882-B9D8-430D-AA59-7B46F6B9FDCF}.Debug|Any CPU.Build.0 = Debug|Any CPU
		{247A6882-B9D8-430D-AA59-7B46F6B9FDCF}.Release|Any CPU.ActiveCfg = Release|Any CPU
		{247A6882-B9D8-430D-AA59-7B46F6B9FDCF}.Release|Any CPU.Build.0 = Release|Any CPU
		{557CDE57-ED34-43DC-B1A8-6489E52F273F}.Debug|Any CPU.ActiveCfg = Debug|Any CPU
		{557CDE57-ED34-43DC-B1A8-6489E52F273F}.Debug|Any CPU.Build.0 = Debug|Any CPU
		{557CDE57-ED34-43DC-B1A8-6489E52F273F}.Release|Any CPU.ActiveCfg = Release|Any CPU
		{557CDE57-ED34-43DC-B1A8-6489E52F273F}.Release|Any CPU.Build.0 = Release|Any CPU
		{EEEB52EC-3896-4EC1-ACEF-B9E499636DCF}.Debug|Any CPU.ActiveCfg = Debug|Any CPU
		{EEEB52EC-3896-4EC1-ACEF-B9E499636DCF}.Debug|Any CPU.Build.0 = Debug|Any CPU
		{EEEB52EC-3896-4EC1-ACEF-B9E499636DCF}.Release|Any CPU.ActiveCfg = Release|Any CPU
		{EEEB52EC-3896-4EC1-ACEF-B9E499636DCF}.Release|Any CPU.Build.0 = Release|Any CPU
		{8F6D9D5C-A85A-4D93-B61C-282A4E22B477}.Debug|Any CPU.ActiveCfg = Debug|Any CPU
		{8F6D9D5C-A85A-4D93-B61C-282A4E22B477}.Debug|Any CPU.Build.0 = Debug|Any CPU
		{8F6D9D5C-A85A-4D93-B61C-282A4E22B477}.Release|Any CPU.ActiveCfg = Release|Any CPU
		{8F6D9D5C-A85A-4D93-B61C-282A4E22B477}.Release|Any CPU.Build.0 = Release|Any CPU
	EndGlobalSection
	GlobalSection(SolutionProperties) = preSolution
		HideSolutionNode = FALSE
	EndGlobalSection
	GlobalSection(ExtensibilityGlobals) = postSolution
		SolutionGuid = {9F557288-5256-48F3-8798-9727A0750A26}
	EndGlobalSection
EndGlobal
